
Microsoft Visual Studio Solution File, Format Version 12.00
# Visual Studio Version 16
VisualStudioVersion = 16.0.29102.190
MinimumVisualStudioVersion = 10.0.40219.1
Project("{FAE04EC0-301F-11D3-BF4B-00C04F79EFBC}") = "PmTask_2_4", "PmTask_2_4\PmTask_2_4.csproj", "{5E77D4D1-A88D-411E-8919-3D43D2E2480E}"
EndProject
Global
	GlobalSection(SolutionConfigurationPlatforms) = preSolution
		Debug|Any CPU = Debug|Any CPU
		Release|Any CPU = Release|Any CPU
	EndGlobalSection
	GlobalSection(ProjectConfigurationPlatforms) = postSolution
		{5E77D4D1-A88D-411E-8919-3D43D2E2480E}.Debug|Any CPU.ActiveCfg = Debug|Any CPU
		{5E77D4D1-A88D-411E-8919-3D43D2E2480E}.Debug|Any CPU.Build.0 = Debug|Any CPU
		{5E77D4D1-A88D-411E-8919-3D43D2E2480E}.Release|Any CPU.ActiveCfg = Release|Any CPU
		{5E77D4D1-A88D-411E-8919-3D43D2E2480E}.Release|Any CPU.Build.0 = Release|Any CPU
	EndGlobalSection
	GlobalSection(SolutionProperties) = preSolution
		HideSolutionNode = FALSE
	EndGlobalSection
	GlobalSection(ExtensibilityGlobals) = postSolution
		SolutionGuid = {9610F9C8-A592-4699-8DCB-B4AFAB2E2E72}
	EndGlobalSection
EndGlobal
