
Microsoft Visual Studio Solution File, Format Version 12.00
# Visual Studio Version 16
VisualStudioVersion = 16.0.29102.190
MinimumVisualStudioVersion = 10.0.40219.1
Project("{FAE04EC0-301F-11D3-BF4B-00C04F79EFBC}") = "PmTask_1_2", "PmTask_1_2\PmTask_1_2.csproj", "{0DA92516-D590-4DF4-941A-7A1C3CA8E0C3}"
EndProject
Global
	GlobalSection(SolutionConfigurationPlatforms) = preSolution
		Debug|Any CPU = Debug|Any CPU
		Release|Any CPU = Release|Any CPU
	EndGlobalSection
	GlobalSection(ProjectConfigurationPlatforms) = postSolution
		{0DA92516-D590-4DF4-941A-7A1C3CA8E0C3}.Debug|Any CPU.ActiveCfg = Debug|Any CPU
		{0DA92516-D590-4DF4-941A-7A1C3CA8E0C3}.Debug|Any CPU.Build.0 = Debug|Any CPU
		{0DA92516-D590-4DF4-941A-7A1C3CA8E0C3}.Release|Any CPU.ActiveCfg = Release|Any CPU
		{0DA92516-D590-4DF4-941A-7A1C3CA8E0C3}.Release|Any CPU.Build.0 = Release|Any CPU
	EndGlobalSection
	GlobalSection(SolutionProperties) = preSolution
		HideSolutionNode = FALSE
	EndGlobalSection
	GlobalSection(ExtensibilityGlobals) = postSolution
		SolutionGuid = {5A6F6A79-BA60-48EF-BE6C-B892FD2DD1ED}
	EndGlobalSection
EndGlobal
