
Microsoft Visual Studio Solution File, Format Version 12.00
# Visual Studio Version 16
VisualStudioVersion = 16.0.29102.190
MinimumVisualStudioVersion = 10.0.40219.1
Project("{FAE04EC0-301F-11D3-BF4B-00C04F79EFBC}") = "PmTask_3", "PmTask_3\PmTask_3.csproj", "{648B15B2-45E9-4547-BC7C-6ACBB57DB539}"
EndProject
Global
	GlobalSection(SolutionConfigurationPlatforms) = preSolution
		Debug|Any CPU = Debug|Any CPU
		Release|Any CPU = Release|Any CPU
	EndGlobalSection
	GlobalSection(ProjectConfigurationPlatforms) = postSolution
		{648B15B2-45E9-4547-BC7C-6ACBB57DB539}.Debug|Any CPU.ActiveCfg = Debug|Any CPU
		{648B15B2-45E9-4547-BC7C-6ACBB57DB539}.Debug|Any CPU.Build.0 = Debug|Any CPU
		{648B15B2-45E9-4547-BC7C-6ACBB57DB539}.Release|Any CPU.ActiveCfg = Release|Any CPU
		{648B15B2-45E9-4547-BC7C-6ACBB57DB539}.Release|Any CPU.Build.0 = Release|Any CPU
	EndGlobalSection
	GlobalSection(SolutionProperties) = preSolution
		HideSolutionNode = FALSE
	EndGlobalSection
	GlobalSection(ExtensibilityGlobals) = postSolution
		SolutionGuid = {86092576-31FD-4A43-93B7-DC71A049EA4D}
	EndGlobalSection
EndGlobal
